{
  "name": "rbxts",
  "version": "1.0.0",
  "lockfileVersion": 1,
  "requires": true,
  "dependencies": {
    "@rbxts/compiler-types": {
      "version": "1.0.0-beta.10.0",
      "resolved": "https://registry.npmjs.org/@rbxts/compiler-types/-/compiler-types-1.0.0-beta.10.0.tgz",
      "integrity": "sha512-nP7n2G3wVs1VcI/kHTe/LUdjVhROTKYLyV+wKHyMQ5AawUy5Ivg1p+p5Nt8UnEekzlqxs+zI9sJDFr+tBxx52A=="
    },
    "@rbxts/types": {
      "version": "1.0.428",
      "resolved": "https://registry.npmjs.org/@rbxts/types/-/types-1.0.428.tgz",
      "integrity": "sha512-uOQgBgdrmPaMiAgvoDJZGjMgqb/V9D4aSH3HTuQqVSHyFIb+RjgIWo90F/ZiM4qrJehbdxQuFoQje68rNTcopQ==",
      "requires": {
        "@rbxts/compiler-types": "*"
      }
    }
  }
}
